
Microsoft Visual Studio Solution File, Format Version 12.00
# Visual Studio 2015
Project("{FAE04EC0-301F-11D3-BF4B-00C04F79EFBC}") = "Altos", "Altos.csproj", "{93ADFCA9-E696-7FD2-AB98-3EAC7D8799E1}"
EndProject
Project("{FAE04EC0-301F-11D3-BF4B-00C04F79EFBC}") = "Altos.Editor", "Altos.Editor.csproj", "{339F512D-1A31-8AD2-5A54-835F0DEE99DC}"
EndProject
Global
	GlobalSection(SolutionConfigurationPlatforms) = preSolution
		Debug|Any CPU = Debug|Any CPU
		Release|Any CPU = Release|Any CPU
	EndGlobalSection
	GlobalSection(ProjectConfigurationPlatforms) = postSolution
		{93ADFCA9-E696-7FD2-AB98-3EAC7D8799E1}.Debug|Any CPU.ActiveCfg = Debug|Any CPU
		{93ADFCA9-E696-7FD2-AB98-3EAC7D8799E1}.Debug|Any CPU.Build.0 = Debug|Any CPU
		{93ADFCA9-E696-7FD2-AB98-3EAC7D8799E1}.Release|Any CPU.ActiveCfg = Release|Any CPU
		{93ADFCA9-E696-7FD2-AB98-3EAC7D8799E1}.Release|Any CPU.Build.0 = Release|Any CPU
		{339F512D-1A31-8AD2-5A54-835F0DEE99DC}.Debug|Any CPU.ActiveCfg = Debug|Any CPU
		{339F512D-1A31-8AD2-5A54-835F0DEE99DC}.Debug|Any CPU.Build.0 = Debug|Any CPU
		{339F512D-1A31-8AD2-5A54-835F0DEE99DC}.Release|Any CPU.ActiveCfg = Release|Any CPU
		{339F512D-1A31-8AD2-5A54-835F0DEE99DC}.Release|Any CPU.Build.0 = Release|Any CPU
	EndGlobalSection
	GlobalSection(SolutionProperties) = preSolution
		HideSolutionNode = FALSE
	EndGlobalSection
EndGlobal
